// !$*UTF8*$!
{
	archiveVersion = 1;
	classes = {
	};
	objectVersion = 50;
	objects = {

/* Begin PBXBuildFile section */
		1E1F29B525F11B7B00E475B0 /* AppDelegate.swift in Sources */ = {isa = PBXBuildFile; fileRef = 1E1F29B425F11B7B00E475B0 /* AppDelegate.swift */; };
		1E1F29B725F11B7B00E475B0 /* SceneDelegate.swift in Sources */ = {isa = PBXBuildFile; fileRef = 1E1F29B625F11B7B00E475B0 /* SceneDelegate.swift */; };
		1E1F29B925F11B7B00E475B0 /* UserListVC.swift in Sources */ = {isa = PBXBuildFile; fileRef = 1E1F29B825F11B7B00E475B0 /* UserListVC.swift */; };
		1E1F29BC25F11B7B00E475B0 /* Main.storyboard in Resources */ = {isa = PBXBuildFile; fileRef = 1E1F29BA25F11B7B00E475B0 /* Main.storyboard */; };
		1E1F29BE25F11B7C00E475B0 /* Assets.xcassets in Resources */ = {isa = PBXBuildFile; fileRef = 1E1F29BD25F11B7C00E475B0 /* Assets.xcassets */; };
		1E1F29C125F11B7C00E475B0 /* LaunchScreen.storyboard in Resources */ = {isa = PBXBuildFile; fileRef = 1E1F29BF25F11B7C00E475B0 /* LaunchScreen.storyboard */; };
		1E1F29CC25F11B7C00E475B0 /* User_ListTests.swift in Sources */ = {isa = PBXBuildFile; fileRef = 1E1F29CB25F11B7C00E475B0 /* User_ListTests.swift */; };
		1E1F29D725F11B7C00E475B0 /* User_ListUITests.swift in Sources */ = {isa = PBXBuildFile; fileRef = 1E1F29D625F11B7C00E475B0 /* User_ListUITests.swift */; };
		1E21ED3A25F4F09000E53FCD /* CustomPageVC.swift in Sources */ = {isa = PBXBuildFile; fileRef = 1E21ED3925F4F09000E53FCD /* CustomPageVC.swift */; };
		1E3431AD25F1376D00DF46A1 /* User.swift in Sources */ = {isa = PBXBuildFile; fileRef = 1E3431AC25F1376D00DF46A1 /* User.swift */; };
		1EF4DA6D25F22F6300076F5D /* UserListFeed.swift in Sources */ = {isa = PBXBuildFile; fileRef = 1EF4DA6C25F22F6300076F5D /* UserListFeed.swift */; };
		1EF4DA7225F2333000076F5D /* UserDetailsVC.swift in Sources */ = {isa = PBXBuildFile; fileRef = 1EF4DA7125F2333000076F5D /* UserDetailsVC.swift */; };
		1EF4DA7725F2394700076F5D /* UserListCell.swift in Sources */ = {isa = PBXBuildFile; fileRef = 1EF4DA7625F2394700076F5D /* UserListCell.swift */; };
		1EF4DA7C25F243FC00076F5D /* AddUserVC.swift in Sources */ = {isa = PBXBuildFile; fileRef = 1EF4DA7B25F243FC00076F5D /* AddUserVC.swift */; };
/* End PBXBuildFile section */

/* Begin PBXContainerItemProxy section */
		1E1F29C825F11B7C00E475B0 /* PBXContainerItemProxy */ = {
			isa = PBXContainerItemProxy;
			containerPortal = 1E1F29A925F11B7B00E475B0 /* Project object */;
			proxyType = 1;
			remoteGlobalIDString = 1E1F29B025F11B7B00E475B0;
			remoteInfo = "User List";
		};
		1E1F29D325F11B7C00E475B0 /* PBXContainerItemProxy */ = {
			isa = PBXContainerItemProxy;
			containerPortal = 1E1F29A925F11B7B00E475B0 /* Project object */;
			proxyType = 1;
			remoteGlobalIDString = 1E1F29B025F11B7B00E475B0;
			remoteInfo = "User List";
		};
/* End PBXContainerItemProxy section */

/* Begin PBXFileReference section */
		1E1F29B125F11B7B00E475B0 /* User List.app */ = {isa = PBXFileReference; explicitFileType = wrapper.application; includeInIndex = 0; path = "User List.app"; sourceTree = BUILT_PRODUCTS_DIR; };
		1E1F29B425F11B7B00E475B0 /* AppDelegate.swift */ = {isa = PBXFileReference; lastKnownFileType = sourcecode.swift; path = AppDelegate.swift; sourceTree = "<group>"; };
		1E1F29B625F11B7B00E475B0 /* SceneDelegate.swift */ = {isa = PBXFileReference; lastKnownFileType = sourcecode.swift; path = SceneDelegate.swift; sourceTree = "<group>"; };
		1E1F29B825F11B7B00E475B0 /* UserListVC.swift */ = {isa = PBXFileReference; lastKnownFileType = sourcecode.swift; path = UserListVC.swift; sourceTree = "<group>"; };
		1E1F29BB25F11B7B00E475B0 /* Base */ = {isa = PBXFileReference; lastKnownFileType = file.storyboard; name = Base; path = Base.lproj/Main.storyboard; sourceTree = "<group>"; };
		1E1F29BD25F11B7C00E475B0 /* Assets.xcassets */ = {isa = PBXFileReference; lastKnownFileType = folder.assetcatalog; path = Assets.xcassets; sourceTree = "<group>"; };
		1E1F29C025F11B7C00E475B0 /* Base */ = {isa = PBXFileReference; lastKnownFileType = file.storyboard; name = Base; path = Base.lproj/LaunchScreen.storyboard; sourceTree = "<group>"; };
		1E1F29C225F11B7C00E475B0 /* Info.plist */ = {isa = PBXFileReference; lastKnownFileType = text.plist.xml; path = Info.plist; sourceTree = "<group>"; };
		1E1F29C725F11B7C00E475B0 /* User ListTests.xctest */ = {isa = PBXFileReference; explicitFileType = wrapper.cfbundle; includeInIndex = 0; path = "User ListTests.xctest"; sourceTree = BUILT_PRODUCTS_DIR; };
		1E1F29CB25F11B7C00E475B0 /* User_ListTests.swift */ = {isa = PBXFileReference; lastKnownFileType = sourcecode.swift; path = User_ListTests.swift; sourceTree = "<group>"; };
		1E1F29CD25F11B7C00E475B0 /* Info.plist */ = {isa = PBXFileReference; lastKnownFileType = text.plist.xml; path = Info.plist; sourceTree = "<group>"; };
		1E1F29D225F11B7C00E475B0 /* User ListUITests.xctest */ = {isa = PBXFileReference; explicitFileType = wrapper.cfbundle; includeInIndex = 0; path = "User ListUITests.xctest"; sourceTree = BUILT_PRODUCTS_DIR; };
		1E1F29D625F11B7C00E475B0 /* User_ListUITests.swift */ = {isa = PBXFileReference; lastKnownFileType = sourcecode.swift; path = User_ListUITests.swift; sourceTree = "<group>"; };
		1E1F29D825F11B7C00E475B0 /* Info.plist */ = {isa = PBXFileReference; lastKnownFileType = text.plist.xml; path = Info.plist; sourceTree = "<group>"; };
		1E21ED3925F4F09000E53FCD /* CustomPageVC.swift */ = {isa = PBXFileReference; lastKnownFileType = sourcecode.swift; path = CustomPageVC.swift; sourceTree = "<group>"; };
		1E3431AC25F1376D00DF46A1 /* User.swift */ = {isa = PBXFileReference; lastKnownFileType = sourcecode.swift; path = User.swift; sourceTree = "<group>"; };
		1EF4DA6C25F22F6300076F5D /* UserListFeed.swift */ = {isa = PBXFileReference; lastKnownFileType = sourcecode.swift; path = UserListFeed.swift; sourceTree = "<group>"; };
		1EF4DA7125F2333000076F5D /* UserDetailsVC.swift */ = {isa = PBXFileReference; lastKnownFileType = sourcecode.swift; path = UserDetailsVC.swift; sourceTree = "<group>"; };
		1EF4DA7625F2394700076F5D /* UserListCell.swift */ = {isa = PBXFileReference; lastKnownFileType = sourcecode.swift; path = UserListCell.swift; sourceTree = "<group>"; };
		1EF4DA7B25F243FC00076F5D /* AddUserVC.swift */ = {isa = PBXFileReference; lastKnownFileType = sourcecode.swift; path = AddUserVC.swift; sourceTree = "<group>"; };
/* End PBXFileReference section */

/* Begin PBXFrameworksBuildPhase section */
		1E1F29AE25F11B7B00E475B0 /* Frameworks */ = {
			isa = PBXFrameworksBuildPhase;
			buildActionMask = 2147483647;
			files = (
			);
			runOnlyForDeploymentPostprocessing = 0;
		};
		1E1F29C425F11B7C00E475B0 /* Frameworks */ = {
			isa = PBXFrameworksBuildPhase;
			buildActionMask = 2147483647;
			files = (
			);
			runOnlyForDeploymentPostprocessing = 0;
		};
		1E1F29CF25F11B7C00E475B0 /* Frameworks */ = {
			isa = PBXFrameworksBuildPhase;
			buildActionMask = 2147483647;
			files = (
			);
			runOnlyForDeploymentPostprocessing = 0;
		};
/* End PBXFrameworksBuildPhase section */

/* Begin PBXGroup section */
		1E1F29A825F11B7B00E475B0 = {
			isa = PBXGroup;
			children = (
				1E1F29B325F11B7B00E475B0 /* User List */,
				1E1F29CA25F11B7C00E475B0 /* User ListTests */,
				1E1F29D525F11B7C00E475B0 /* User ListUITests */,
				1E1F29B225F11B7B00E475B0 /* Products */,
			);
			sourceTree = "<group>";
		};
		1E1F29B225F11B7B00E475B0 /* Products */ = {
			isa = PBXGroup;
			children = (
				1E1F29B125F11B7B00E475B0 /* User List.app */,
				1E1F29C725F11B7C00E475B0 /* User ListTests.xctest */,
				1E1F29D225F11B7C00E475B0 /* User ListUITests.xctest */,
			);
			name = Products;
			sourceTree = "<group>";
		};
		1E1F29B325F11B7B00E475B0 /* User List */ = {
			isa = PBXGroup;
			children = (
				1E1F29B425F11B7B00E475B0 /* AppDelegate.swift */,
				1E1F29B625F11B7B00E475B0 /* SceneDelegate.swift */,
				1E34317325F11FE800DF46A1 /* View Controllers */,
				1E1F29BA25F11B7B00E475B0 /* Main.storyboard */,
				1E1F29BD25F11B7C00E475B0 /* Assets.xcassets */,
				1E1F29BF25F11B7C00E475B0 /* LaunchScreen.storyboard */,
				1E1F29C225F11B7C00E475B0 /* Info.plist */,
				1E3431AC25F1376D00DF46A1 /* User.swift */,
				1EF4DA6C25F22F6300076F5D /* UserListFeed.swift */,
				1EF4DA7625F2394700076F5D /* UserListCell.swift */,
				1E21ED3925F4F09000E53FCD /* CustomPageVC.swift */,
			);
			path = "User List";
			sourceTree = "<group>";
		};
		1E1F29CA25F11B7C00E475B0 /* User ListTests */ = {
			isa = PBXGroup;
			children = (
				1E1F29CB25F11B7C00E475B0 /* User_ListTests.swift */,
				1E1F29CD25F11B7C00E475B0 /* Info.plist */,
			);
			path = "User ListTests";
			sourceTree = "<group>";
		};
		1E1F29D525F11B7C00E475B0 /* User ListUITests */ = {
			isa = PBXGroup;
			children = (
				1E1F29D625F11B7C00E475B0 /* User_ListUITests.swift */,
				1E1F29D825F11B7C00E475B0 /* Info.plist */,
			);
			path = "User ListUITests";
			sourceTree = "<group>";
		};
		1E34317325F11FE800DF46A1 /* View Controllers */ = {
			isa = PBXGroup;
			children = (
				1E1F29B825F11B7B00E475B0 /* UserListVC.swift */,
				1EF4DA7125F2333000076F5D /* UserDetailsVC.swift */,
				1EF4DA7B25F243FC00076F5D /* AddUserVC.swift */,
			);
			path = "View Controllers";
			sourceTree = "<group>";
		};
/* End PBXGroup section */

/* Begin PBXNativeTarget section */
		1E1F29B025F11B7B00E475B0 /* User List */ = {
			isa = PBXNativeTarget;
			buildConfigurationList = 1E1F29DB25F11B7C00E475B0 /* Build configuration list for PBXNativeTarget "User List" */;
			buildPhases = (
				1E1F29AD25F11B7B00E475B0 /* Sources */,
				1E1F29AE25F11B7B00E475B0 /* Frameworks */,
				1E1F29AF25F11B7B00E475B0 /* Resources */,
			);
			buildRules = (
			);
			dependencies = (
			);
			name = "User List";
			productName = "User List";
			productReference = 1E1F29B125F11B7B00E475B0 /* User List.app */;
			productType = "com.apple.product-type.application";
		};
		1E1F29C625F11B7C00E475B0 /* User ListTests */ = {
			isa = PBXNativeTarget;
			buildConfigurationList = 1E1F29DE25F11B7C00E475B0 /* Build configuration list for PBXNativeTarget "User ListTests" */;
			buildPhases = (
				1E1F29C325F11B7C00E475B0 /* Sources */,
				1E1F29C425F11B7C00E475B0 /* Frameworks */,
				1E1F29C525F11B7C00E475B0 /* Resources */,
			);
			buildRules = (
			);
			dependencies = (
				1E1F29C925F11B7C00E475B0 /* PBXTargetDependency */,
			);
			name = "User ListTests";
			productName = "User ListTests";
			productReference = 1E1F29C725F11B7C00E475B0 /* User ListTests.xctest */;
			productType = "com.apple.product-type.bundle.unit-test";
		};
		1E1F29D125F11B7C00E475B0 /* User ListUITests */ = {
			isa = PBXNativeTarget;
			buildConfigurationList = 1E1F29E125F11B7C00E475B0 /* Build configuration list for PBXNativeTarget "User ListUITests" */;
			buildPhases = (
				1E1F29CE25F11B7C00E475B0 /* Sources */,
				1E1F29CF25F11B7C00E475B0 /* Frameworks */,
				1E1F29D025F11B7C00E475B0 /* Resources */,
			);
			buildRules = (
			);
			dependencies = (
				1E1F29D425F11B7C00E475B0 /* PBXTargetDependency */,
			);
			name = "User ListUITests";
			productName = "User ListUITests";
			productReference = 1E1F29D225F11B7C00E475B0 /* User ListUITests.xctest */;
			productType = "com.apple.product-type.bundle.ui-testing";
		};
/* End PBXNativeTarget section */

/* Begin PBXProject section */
		1E1F29A925F11B7B00E475B0 /* Project object */ = {
			isa = PBXProject;
			attributes = {
				LastSwiftUpdateCheck = 1240;
				LastUpgradeCheck = 1240;
				TargetAttributes = {
					1E1F29B025F11B7B00E475B0 = {
						CreatedOnToolsVersion = 12.4;
					};
					1E1F29C625F11B7C00E475B0 = {
						CreatedOnToolsVersion = 12.4;
						TestTargetID = 1E1F29B025F11B7B00E475B0;
					};
					1E1F29D125F11B7C00E475B0 = {
						CreatedOnToolsVersion = 12.4;
						TestTargetID = 1E1F29B025F11B7B00E475B0;
					};
				};
			};
			buildConfigurationList = 1E1F29AC25F11B7B00E475B0 /* Build configuration list for PBXProject "User List" */;
			compatibilityVersion = "Xcode 9.3";
			developmentRegion = en;
			hasScannedForEncodings = 0;
			knownRegions = (
				en,
				Base,
			);
			mainGroup = 1E1F29A825F11B7B00E475B0;
			productRefGroup = 1E1F29B225F11B7B00E475B0 /* Products */;
			projectDirPath = "";
			projectRoot = "";
			targets = (
				1E1F29B025F11B7B00E475B0 /* User List */,
				1E1F29C625F11B7C00E475B0 /* User ListTests */,
				1E1F29D125F11B7C00E475B0 /* User ListUITests */,
			);
		};
/* End PBXProject section */

/* Begin PBXResourcesBuildPhase section */
		1E1F29AF25F11B7B00E475B0 /* Resources */ = {
			isa = PBXResourcesBuildPhase;
			buildActionMask = 2147483647;
			files = (
				1E1F29C125F11B7C00E475B0 /* LaunchScreen.storyboard in Resources */,
				1E1F29BE25F11B7C00E475B0 /* Assets.xcassets in Resources */,
				1E1F29BC25F11B7B00E475B0 /* Main.storyboard in Resources */,
			);
			runOnlyForDeploymentPostprocessing = 0;
		};
		1E1F29C525F11B7C00E475B0 /* Resources */ = {
			isa = PBXResourcesBuildPhase;
			buildActionMask = 2147483647;
			files = (
			);
			runOnlyForDeploymentPostprocessing = 0;
		};
		1E1F29D025F11B7C00E475B0 /* Resources */ = {
			isa = PBXResourcesBuildPhase;
			buildActionMask = 2147483647;
			files = (
			);
			runOnlyForDeploymentPostprocessing = 0;
		};
/* End PBXResourcesBuildPhase section */

/* Begin PBXSourcesBuildPhase section */
		1E1F29AD25F11B7B00E475B0 /* Sources */ = {
			isa = PBXSourcesBuildPhase;
			buildActionMask = 2147483647;
			files = (
				1EF4DA7725F2394700076F5D /* UserListCell.swift in Sources */,
				1EF4DA7225F2333000076F5D /* UserDetailsVC.swift in Sources */,
				1E21ED3A25F4F09000E53FCD /* CustomPageVC.swift in Sources */,
				1E3431AD25F1376D00DF46A1 /* User.swift in Sources */,
				1EF4DA7C25F243FC00076F5D /* AddUserVC.swift in Sources */,
				1E1F29B925F11B7B00E475B0 /* UserListVC.swift in Sources */,
				1E1F29B525F11B7B00E475B0 /* AppDelegate.swift in Sources */,
				1EF4DA6D25F22F6300076F5D /* UserListFeed.swift in Sources */,
				1E1F29B725F11B7B00E475B0 /* SceneDelegate.swift in Sources */,
			);
			runOnlyForDeploymentPostprocessing = 0;
		};
		1E1F29C325F11B7C00E475B0 /* Sources */ = {
			isa = PBXSourcesBuildPhase;
			buildActionMask = 2147483647;
			files = (
				1E1F29CC25F11B7C00E475B0 /* User_ListTests.swift in Sources */,
			);
			runOnlyForDeploymentPostprocessing = 0;
		};
		1E1F29CE25F11B7C00E475B0 /* Sources */ = {
			isa = PBXSourcesBuildPhase;
			buildActionMask = 2147483647;
			files = (
				1E1F29D725F11B7C00E475B0 /* User_ListUITests.swift in Sources */,
			);
			runOnlyForDeploymentPostprocessing = 0;
		};
/* End PBXSourcesBuildPhase section */

/* Begin PBXTargetDependency section */
		1E1F29C925F11B7C00E475B0 /* PBXTargetDependency */ = {
			isa = PBXTargetDependency;
			target = 1E1F29B025F11B7B00E475B0 /* User List */;
			targetProxy = 1E1F29C825F11B7C00E475B0 /* PBXContainerItemProxy */;
		};
		1E1F29D425F11B7C00E475B0 /* PBXTargetDependency */ = {
			isa = PBXTargetDependency;
			target = 1E1F29B025F11B7B00E475B0 /* User List */;
			targetProxy = 1E1F29D325F11B7C00E475B0 /* PBXContainerItemProxy */;
		};
/* End PBXTargetDependency section */

/* Begin PBXVariantGroup section */
		1E1F29BA25F11B7B00E475B0 /* Main.storyboard */ = {
			isa = PBXVariantGroup;
			children = (
				1E1F29BB25F11B7B00E475B0 /* Base */,
			);
			name = Main.storyboard;
			sourceTree = "<group>";
		};
		1E1F29BF25F11B7C00E475B0 /* LaunchScreen.storyboard */ = {
			isa = PBXVariantGroup;
			children = (
				1E1F29C025F11B7C00E475B0 /* Base */,
			);
			name = LaunchScreen.storyboard;
			sourceTree = "<group>";
		};
/* End PBXVariantGroup section */

/* Begin XCBuildConfiguration section */
		1E1F29D925F11B7C00E475B0 /* Debug */ = {
			isa = XCBuildConfiguration;
			buildSettings = {
				ALWAYS_SEARCH_USER_PATHS = NO;
				CLANG_ANALYZER_NONNULL = YES;
				CLANG_ANALYZER_NUMBER_OBJECT_CONVERSION = YES_AGGRESSIVE;
				CLANG_CXX_LANGUAGE_STANDARD = "gnu++14";
				CLANG_CXX_LIBRARY = "libc++";
				CLANG_ENABLE_MODULES = YES;
				CLANG_ENABLE_OBJC_ARC = YES;
				CLANG_ENABLE_OBJC_WEAK = YES;
				CLANG_WARN_BLOCK_CAPTURE_AUTORELEASING = YES;
				CLANG_WARN_BOOL_CONVERSION = YES;
				CLANG_WARN_COMMA = YES;
				CLANG_WARN_CONSTANT_CONVERSION = YES;
				CLANG_WARN_DEPRECATED_OBJC_IMPLEMENTATIONS = YES;
				CLANG_WARN_DIRECT_OBJC_ISA_USAGE = YES_ERROR;
				CLANG_WARN_DOCUMENTATION_COMMENTS = YES;
				CLANG_WARN_EMPTY_BODY = YES;
				CLANG_WARN_ENUM_CONVERSION = YES;
				CLANG_WARN_INFINITE_RECURSION = YES;
				CLANG_WARN_INT_CONVERSION = YES;
				CLANG_WARN_NON_LITERAL_NULL_CONVERSION = YES;
				CLANG_WARN_OBJC_IMPLICIT_RETAIN_SELF = YES;
				CLANG_WARN_OBJC_LITERAL_CONVERSION = YES;
				CLANG_WARN_OBJC_ROOT_CLASS = YES_ERROR;
				CLANG_WARN_QUOTED_INCLUDE_IN_FRAMEWORK_HEADER = YES;
				CLANG_WARN_RANGE_LOOP_ANALYSIS = YES;
				CLANG_WARN_STRICT_PROTOTYPES = YES;
				CLANG_WARN_SUSPICIOUS_MOVE = YES;
				CLANG_WARN_UNGUARDED_AVAILABILITY = YES_AGGRESSIVE;
				CLANG_WARN_UNREACHABLE_CODE = YES;
				CLANG_WARN__DUPLICATE_METHOD_MATCH = YES;
				COPY_PHASE_STRIP = NO;
				DEBUG_INFORMATION_FORMAT = dwarf;
				ENABLE_STRICT_OBJC_MSGSEND = YES;
				ENABLE_TESTABILITY = YES;
				GCC_C_LANGUAGE_STANDARD = gnu11;
				GCC_DYNAMIC_NO_PIC = NO;
				GCC_NO_COMMON_BLOCKS = YES;
				GCC_OPTIMIZATION_LEVEL = 0;
				GCC_PREPROCESSOR_DEFINITIONS = (
					"DEBUG=1",
					"$(inherited)",
				);
				GCC_WARN_64_TO_32_BIT_CONVERSION = YES;
				GCC_WARN_ABOUT_RETURN_TYPE = YES_ERROR;
				GCC_WARN_UNDECLARED_SELECTOR = YES;
				GCC_WARN_UNINITIALIZED_AUTOS = YES_AGGRESSIVE;
				GCC_WARN_UNUSED_FUNCTION = YES;
				GCC_WARN_UNUSED_VARIABLE = YES;
				IPHONEOS_DEPLOYMENT_TARGET = 14.4;
				MTL_ENABLE_DEBUG_INFO = INCLUDE_SOURCE;
				MTL_FAST_MATH = YES;
				ONLY_ACTIVE_ARCH = YES;
				SDKROOT = iphoneos;
				SWIFT_ACTIVE_COMPILATION_CONDITIONS = DEBUG;
				SWIFT_OPTIMIZATION_LEVEL = "-Onone";
			};
			name = Debug;
		};
		1E1F29DA25F11B7C00E475B0 /* Release */ = {
			isa = XCBuildConfiguration;
			buildSettings = {
				ALWAYS_SEARCH_USER_PATHS = NO;
				CLANG_ANALYZER_NONNULL = YES;
				CLANG_ANALYZER_NUMBER_OBJECT_CONVERSION = YES_AGGRESSIVE;
				CLANG_CXX_LANGUAGE_STANDARD = "gnu++14";
				CLANG_CXX_LIBRARY = "libc++";
				CLANG_ENABLE_MODULES = YES;
				CLANG_ENABLE_OBJC_ARC = YES;
				CLANG_ENABLE_OBJC_WEAK = YES;
				CLANG_WARN_BLOCK_CAPTURE_AUTORELEASING = YES;
				CLANG_WARN_BOOL_CONVERSION = YES;
				CLANG_WARN_COMMA = YES;
				CLANG_WARN_CONSTANT_CONVERSION = YES;
				CLANG_WARN_DEPRECATED_OBJC_IMPLEMENTATIONS = YES;
				CLANG_WARN_DIRECT_OBJC_ISA_USAGE = YES_ERROR;
				CLANG_WARN_DOCUMENTATION_COMMENTS = YES;
				CLANG_WARN_EMPTY_BODY = YES;
				CLANG_WARN_ENUM_CONVERSION = YES;
				CLANG_WARN_INFINITE_RECURSION = YES;
				CLANG_WARN_INT_CONVERSION = YES;
				CLANG_WARN_NON_LITERAL_NULL_CONVERSION = YES;
				CLANG_WARN_OBJC_IMPLICIT_RETAIN_SELF = YES;
				CLANG_WARN_OBJC_LITERAL_CONVERSION = YES;
				CLANG_WARN_OBJC_ROOT_CLASS = YES_ERROR;
				CLANG_WARN_QUOTED_INCLUDE_IN_FRAMEWORK_HEADER = YES;
				CLANG_WARN_RANGE_LOOP_ANALYSIS = YES;
				CLANG_WARN_STRICT_PROTOTYPES = YES;
				CLANG_WARN_SUSPICIOUS_MOVE = YES;
				CLANG_WARN_UNGUARDED_AVAILABILITY = YES_AGGRESSIVE;
				CLANG_WARN_UNREACHABLE_CODE = YES;
				CLANG_WARN__DUPLICATE_METHOD_MATCH = YES;
				COPY_PHASE_STRIP = NO;
				DEBUG_INFORMATION_FORMAT = "dwarf-with-dsym";
				ENABLE_NS_ASSERTIONS = NO;
				ENABLE_STRICT_OBJC_MSGSEND = YES;
				GCC_C_LANGUAGE_STANDARD = gnu11;
				GCC_NO_COMMON_BLOCKS = YES;
				GCC_WARN_64_TO_32_BIT_CONVERSION = YES;
				GCC_WARN_ABOUT_RETURN_TYPE = YES_ERROR;
				GCC_WARN_UNDECLARED_SELECTOR = YES;
				GCC_WARN_UNINITIALIZED_AUTOS = YES_AGGRESSIVE;
				GCC_WARN_UNUSED_FUNCTION = YES;
				GCC_WARN_UNUSED_VARIABLE = YES;
				IPHONEOS_DEPLOYMENT_TARGET = 14.4;
				MTL_ENABLE_DEBUG_INFO = NO;
				MTL_FAST_MATH = YES;
				SDKROOT = iphoneos;
				SWIFT_COMPILATION_MODE = wholemodule;
				SWIFT_OPTIMIZATION_LEVEL = "-O";
				VALIDATE_PRODUCT = YES;
			};
			name = Release;
		};
		1E1F29DC25F11B7C00E475B0 /* Debug */ = {
			isa = XCBuildConfiguration;
			buildSettings = {
				ASSETCATALOG_COMPILER_APPICON_NAME = AppIcon;
				ASSETCATALOG_COMPILER_GLOBAL_ACCENT_COLOR_NAME = AccentColor;
				CODE_SIGN_STYLE = Automatic;
				DEVELOPMENT_TEAM = 85VXSULXGL;
				INFOPLIST_FILE = "User List/Info.plist";
				LD_RUNPATH_SEARCH_PATHS = (
					"$(inherited)",
					"@executable_path/Frameworks",
				);
				PRODUCT_BUNDLE_IDENTIFIER = "com.userList.User-List";
				PRODUCT_NAME = "$(TARGET_NAME)";
				SWIFT_VERSION = 5.0;
				TARGETED_DEVICE_FAMILY = 1;
			};
			name = Debug;
		};
		1E1F29DD25F11B7C00E475B0 /* Release */ = {
			isa = XCBuildConfiguration;
			buildSettings = {
				ASSETCATALOG_COMPILER_APPICON_NAME = AppIcon;
				ASSETCATALOG_COMPILER_GLOBAL_ACCENT_COLOR_NAME = AccentColor;
				CODE_SIGN_STYLE = Automatic;
				DEVELOPMENT_TEAM = 85VXSULXGL;
				INFOPLIST_FILE = "User List/Info.plist";
				LD_RUNPATH_SEARCH_PATHS = (
					"$(inherited)",
					"@executable_path/Frameworks",
				);
				PRODUCT_BUNDLE_IDENTIFIER = "com.userList.User-List";
				PRODUCT_NAME = "$(TARGET_NAME)";
				SWIFT_VERSION = 5.0;
				TARGETED_DEVICE_FAMILY = 1;
			};
			name = Release;
		};
		1E1F29DF25F11B7C00E475B0 /* Debug */ = {
			isa = XCBuildConfiguration;
			buildSettings = {
				ALWAYS_EMBED_SWIFT_STANDARD_LIBRARIES = YES;
				BUNDLE_LOADER = "$(TEST_HOST)";
				CODE_SIGN_STYLE = Automatic;
				DEVELOPMENT_TEAM = 85VXSULXGL;
				INFOPLIST_FILE = "User ListTests/Info.plist";
				IPHONEOS_DEPLOYMENT_TARGET = 14.4;
				LD_RUNPATH_SEARCH_PATHS = (
					"$(inherited)",
					"@executable_path/Frameworks",
					"@loader_path/Frameworks",
				);
				PRODUCT_BUNDLE_IDENTIFIER = "com.userList.User-ListTests";
				PRODUCT_NAME = "$(TARGET_NAME)";
				SWIFT_VERSION = 5.0;
				TARGETED_DEVICE_FAMILY = "1,2";
				TEST_HOST = "$(BUILT_PRODUCTS_DIR)/User List.app/User List";
			};
			name = Debug;
		};
		1E1F29E025F11B7C00E475B0 /* Release */ = {
			isa = XCBuildConfiguration;
			buildSettings = {
				ALWAYS_EMBED_SWIFT_STANDARD_LIBRARIES = YES;
				BUNDLE_LOADER = "$(TEST_HOST)";
				CODE_SIGN_STYLE = Automatic;
				DEVELOPMENT_TEAM = 85VXSULXGL;
				INFOPLIST_FILE = "User ListTests/Info.plist";
				IPHONEOS_DEPLOYMENT_TARGET = 14.4;
				LD_RUNPATH_SEARCH_PATHS = (
					"$(inherited)",
					"@executable_path/Frameworks",
					"@loader_path/Frameworks",
				);
				PRODUCT_BUNDLE_IDENTIFIER = "com.userList.User-ListTests";
				PRODUCT_NAME = "$(TARGET_NAME)";
				SWIFT_VERSION = 5.0;
				TARGETED_DEVICE_FAMILY = "1,2";
				TEST_HOST = "$(BUILT_PRODUCTS_DIR)/User List.app/User List";
			};
			name = Release;
		};
		1E1F29E225F11B7C00E475B0 /* Debug */ = {
			isa = XCBuildConfiguration;
			buildSettings = {
				ALWAYS_EMBED_SWIFT_STANDARD_LIBRARIES = YES;
				CODE_SIGN_STYLE = Automatic;
				DEVELOPMENT_TEAM = 85VXSULXGL;
				INFOPLIST_FILE = "User ListUITests/Info.plist";
				LD_RUNPATH_SEARCH_PATHS = (
					"$(inherited)",
					"@executable_path/Frameworks",
					"@loader_path/Frameworks",
				);
				PRODUCT_BUNDLE_IDENTIFIER = "com.userList.User-ListUITests";
				PRODUCT_NAME = "$(TARGET_NAME)";
				SWIFT_VERSION = 5.0;
				TARGETED_DEVICE_FAMILY = "1,2";
				TEST_TARGET_NAME = "User List";
			};
			name = Debug;
		};
		1E1F29E325F11B7C00E475B0 /* Release */ = {
			isa = XCBuildConfiguration;
			buildSettings = {
				ALWAYS_EMBED_SWIFT_STANDARD_LIBRARIES = YES;
				CODE_SIGN_STYLE = Automatic;
				DEVELOPMENT_TEAM = 85VXSULXGL;
				INFOPLIST_FILE = "User ListUITests/Info.plist";
				LD_RUNPATH_SEARCH_PATHS = (
					"$(inherited)",
					"@executable_path/Frameworks",
					"@loader_path/Frameworks",
				);
				PRODUCT_BUNDLE_IDENTIFIER = "com.userList.User-ListUITests";
				PRODUCT_NAME = "$(TARGET_NAME)";
				SWIFT_VERSION = 5.0;
				TARGETED_DEVICE_FAMILY = "1,2";
				TEST_TARGET_NAME = "User List";
			};
			name = Release;
		};
/* End XCBuildConfiguration section */

/* Begin XCConfigurationList section */
		1E1F29AC25F11B7B00E475B0 /* Build configuration list for PBXProject "User List" */ = {
			isa = XCConfigurationList;
			buildConfigurations = (
				1E1F29D925F11B7C00E475B0 /* Debug */,
				1E1F29DA25F11B7C00E475B0 /* Release */,
			);
			defaultConfigurationIsVisible = 0;
			defaultConfigurationName = Release;
		};
		1E1F29DB25F11B7C00E475B0 /* Build configuration list for PBXNativeTarget "User List" */ = {
			isa = XCConfigurationList;
			buildConfigurations = (
				1E1F29DC25F11B7C00E475B0 /* Debug */,
				1E1F29DD25F11B7C00E475B0 /* Release */,
			);
			defaultConfigurationIsVisible = 0;
			defaultConfigurationName = Release;
		};
		1E1F29DE25F11B7C00E475B0 /* Build configuration list for PBXNativeTarget "User ListTests" */ = {
			isa = XCConfigurationList;
			buildConfigurations = (
				1E1F29DF25F11B7C00E475B0 /* Debug */,
				1E1F29E025F11B7C00E475B0 /* Release */,
			);
			defaultConfigurationIsVisible = 0;
			defaultConfigurationName = Release;
		};
		1E1F29E125F11B7C00E475B0 /* Build configuration list for PBXNativeTarget "User ListUITests" */ = {
			isa = XCConfigurationList;
			buildConfigurations = (
				1E1F29E225F11B7C00E475B0 /* Debug */,
				1E1F29E325F11B7C00E475B0 /* Release */,
			);
			defaultConfigurationIsVisible = 0;
			defaultConfigurationName = Release;
		};
/* End XCConfigurationList section */
	};
	rootObject = 1E1F29A925F11B7B00E475B0 /* Project object */;
}
